
Microsoft Visual Studio Solution File, Format Version 12.00
# Visual Studio Version 17
VisualStudioVersion = 17.4.33110.190
MinimumVisualStudioVersion = 10.0.40219.1
Project("{FAE04EC0-301F-11D3-BF4B-00C04F79EFBC}") = "InvestmentCalculator.API", "InvestmentCalculator\InvestmentCalculator.API.csproj", "{8D901DDC-D123-49D1-9B34-37A0484F8644}"
EndProject
Global
	GlobalSection(SolutionConfigurationPlatforms) = preSolution
		Debug|Any CPU = Debug|Any CPU
		Release|Any CPU = Release|Any CPU
	EndGlobalSection
	GlobalSection(ProjectConfigurationPlatforms) = postSolution
		{8D901DDC-D123-49D1-9B34-37A0484F8644}.Debug|Any CPU.ActiveCfg = Debug|Any CPU
		{8D901DDC-D123-49D1-9B34-37A0484F8644}.Debug|Any CPU.Build.0 = Debug|Any CPU
		{8D901DDC-D123-49D1-9B34-37A0484F8644}.Release|Any CPU.ActiveCfg = Release|Any CPU
		{8D901DDC-D123-49D1-9B34-37A0484F8644}.Release|Any CPU.Build.0 = Release|Any CPU
	EndGlobalSection
	GlobalSection(SolutionProperties) = preSolution
		HideSolutionNode = FALSE
	EndGlobalSection
	GlobalSection(ExtensibilityGlobals) = postSolution
		SolutionGuid = {1627419F-6E80-49A2-8250-EE198AF3AA47}
	EndGlobalSection
EndGlobal
